// !$*UTF8*$!
{
	archiveVersion = 1;
	classes = {
	};
	objectVersion = 77;
	objects = {

/* Begin PBXBuildFile section */
		9F65547F2E3CF21A00770F02 /* SocketIO in Frameworks */ = {isa = PBXBuildFile; productRef = 9F65547E2E3CF21A00770F02 /* SocketIO */; };
/* End PBXBuildFile section */

/* Begin PBXContainerItemProxy section */
		392AD1492E21767D0036DD96 /* PBXContainerItemProxy */ = {
			isa = PBXContainerItemProxy;
			containerPortal = 392AD1332E21767C0036DD96 /* Project object */;
			proxyType = 1;
			remoteGlobalIDString = 392AD13A2E21767C0036DD96;
			remoteInfo = partyAux;
		};
		392AD1532E21767D0036DD96 /* PBXContainerItemProxy */ = {
			isa = PBXContainerItemProxy;
			containerPortal = 392AD1332E21767C0036DD96 /* Project object */;
			proxyType = 1;
			remoteGlobalIDString = 392AD13A2E21767C0036DD96;
			remoteInfo = partyAux;
		};
/* End PBXContainerItemProxy section */

/* Begin PBXFileReference section */
		392AD13B2E21767C0036DD96 /* partyAux.app */ = {isa = PBXFileReference; explicitFileType = wrapper.application; includeInIndex = 0; path = partyAux.app; sourceTree = BUILT_PRODUCTS_DIR; };
		392AD1482E21767D0036DD96 /* partyAuxTests.xctest */ = {isa = PBXFileReference; explicitFileType = wrapper.cfbundle; includeInIndex = 0; path = partyAuxTests.xctest; sourceTree = BUILT_PRODUCTS_DIR; };
		392AD1522E21767D0036DD96 /* partyAuxUITests.xctest */ = {isa = PBXFileReference; explicitFileType = wrapper.cfbundle; includeInIndex = 0; path = partyAuxUITests.xctest; sourceTree = BUILT_PRODUCTS_DIR; };
/* End PBXFileReference section */

/* Begin PBXFileSystemSynchronizedBuildFileExceptionSet section */
		9F65547C2E3CF1FD00770F02 /* Exceptions for "partyAux" folder in "partyAux" target */ = {
			isa = PBXFileSystemSynchronizedBuildFileExceptionSet;
			membershipExceptions = (
				Info.plist,
			);
			target = 392AD13A2E21767C0036DD96 /* partyAux */;
		};
/* End PBXFileSystemSynchronizedBuildFileExceptionSet section */

/* Begin PBXFileSystemSynchronizedRootGroup section */
		392AD13D2E21767C0036DD96 /* partyAux */ = {
			isa = PBXFileSystemSynchronizedRootGroup;
			exceptions = (
				9F65547C2E3CF1FD00770F02 /* Exceptions for "partyAux" folder in "partyAux" target */,
			);
			path = partyAux;
			sourceTree = "<group>";
		};
		392AD14B2E21767D0036DD96 /* partyAuxTests */ = {
			isa = PBXFileSystemSynchronizedRootGroup;
			path = partyAuxTests;
			sourceTree = "<group>";
		};
		392AD1552E21767D0036DD96 /* partyAuxUITests */ = {
			isa = PBXFileSystemSynchronizedRootGroup;
			path = partyAuxUITests;
			sourceTree = "<group>";
		};
/* End PBXFileSystemSynchronizedRootGroup section */

/* Begin PBXFrameworksBuildPhase section */
		392AD1382E21767C0036DD96 /* Frameworks */ = {
			isa = PBXFrameworksBuildPhase;
			buildActionMask = 2147483647;
			files = (
				9F65547F2E3CF21A00770F02 /* SocketIO in Frameworks */,
			);
			runOnlyForDeploymentPostprocessing = 0;
		};
		392AD1452E21767D0036DD96 /* Frameworks */ = {
			isa = PBXFrameworksBuildPhase;
			buildActionMask = 2147483647;
			files = (
			);
			runOnlyForDeploymentPostprocessing = 0;
		};
		392AD14F2E21767D0036DD96 /* Frameworks */ = {
			isa = PBXFrameworksBuildPhase;
			buildActionMask = 2147483647;
			files = (
			);
			runOnlyForDeploymentPostprocessing = 0;
		};
/* End PBXFrameworksBuildPhase section */

/* Begin PBXGroup section */
		392AD1322E21767C0036DD96 = {
			isa = PBXGroup;
			children = (
				392AD13D2E21767C0036DD96 /* partyAux */,
				392AD14B2E21767D0036DD96 /* partyAuxTests */,
				392AD1552E21767D0036DD96 /* partyAuxUITests */,
				392AD13C2E21767C0036DD96 /* Products */,
			);
			sourceTree = "<group>";
		};
		392AD13C2E21767C0036DD96 /* Products */ = {
			isa = PBXGroup;
			children = (
				392AD13B2E21767C0036DD96 /* partyAux.app */,
				392AD1482E21767D0036DD96 /* partyAuxTests.xctest */,
				392AD1522E21767D0036DD96 /* partyAuxUITests.xctest */,
			);
			name = Products;
			sourceTree = "<group>";
		};
/* End PBXGroup section */

/* Begin PBXNativeTarget section */
		392AD13A2E21767C0036DD96 /* partyAux */ = {
			isa = PBXNativeTarget;
			buildConfigurationList = 392AD15C2E21767D0036DD96 /* Build configuration list for PBXNativeTarget "partyAux" */;
			buildPhases = (
				392AD1372E21767C0036DD96 /* Sources */,
				392AD1382E21767C0036DD96 /* Frameworks */,
				392AD1392E21767C0036DD96 /* Resources */,
			);
			buildRules = (
			);
			dependencies = (
			);
			fileSystemSynchronizedGroups = (
				392AD13D2E21767C0036DD96 /* partyAux */,
			);
			name = partyAux;
			packageProductDependencies = (
				9F65547E2E3CF21A00770F02 /* SocketIO */,
			);
			productName = partyAux;
			productReference = 392AD13B2E21767C0036DD96 /* partyAux.app */;
			productType = "com.apple.product-type.application";
		};
		392AD1472E21767D0036DD96 /* partyAuxTests */ = {
			isa = PBXNativeTarget;
			buildConfigurationList = 392AD15F2E21767D0036DD96 /* Build configuration list for PBXNativeTarget "partyAuxTests" */;
			buildPhases = (
				392AD1442E21767D0036DD96 /* Sources */,
				392AD1452E21767D0036DD96 /* Frameworks */,
				392AD1462E21767D0036DD96 /* Resources */,
			);
			buildRules = (
			);
			dependencies = (
				392AD14A2E21767D0036DD96 /* PBXTargetDependency */,
			);
			fileSystemSynchronizedGroups = (
				392AD14B2E21767D0036DD96 /* partyAuxTests */,
			);
			name = partyAuxTests;
			packageProductDependencies = (
			);
			productName = partyAuxTests;
			productReference = 392AD1482E21767D0036DD96 /* partyAuxTests.xctest */;
			productType = "com.apple.product-type.bundle.unit-test";
		};
		392AD1512E21767D0036DD96 /* partyAuxUITests */ = {
			isa = PBXNativeTarget;
			buildConfigurationList = 392AD1622E21767D0036DD96 /* Build configuration list for PBXNativeTarget "partyAuxUITests" */;
			buildPhases = (
				392AD14E2E21767D0036DD96 /* Sources */,
				392AD14F2E21767D0036DD96 /* Frameworks */,
				392AD1502E21767D0036DD96 /* Resources */,
			);
			buildRules = (
			);
			dependencies = (
				392AD1542E21767D0036DD96 /* PBXTargetDependency */,
			);
			fileSystemSynchronizedGroups = (
				392AD1552E21767D0036DD96 /* partyAuxUITests */,
			);
			name = partyAuxUITests;
			packageProductDependencies = (
			);
			productName = partyAuxUITests;
			productReference = 392AD1522E21767D0036DD96 /* partyAuxUITests.xctest */;
			productType = "com.apple.product-type.bundle.ui-testing";
		};
/* End PBXNativeTarget section */

/* Begin PBXProject section */
		392AD1332E21767C0036DD96 /* Project object */ = {
			isa = PBXProject;
			attributes = {
				BuildIndependentTargetsInParallel = 1;
				KnownAssetTags = (
					New,
				);
				LastSwiftUpdateCheck = 1640;
				LastUpgradeCheck = 1640;
				TargetAttributes = {
					392AD13A2E21767C0036DD96 = {
						CreatedOnToolsVersion = 16.4;
					};
					392AD1472E21767D0036DD96 = {
						CreatedOnToolsVersion = 16.4;
						TestTargetID = 392AD13A2E21767C0036DD96;
					};
					392AD1512E21767D0036DD96 = {
						CreatedOnToolsVersion = 16.4;
						TestTargetID = 392AD13A2E21767C0036DD96;
					};
				};
			};
			buildConfigurationList = 392AD1362E21767C0036DD96 /* Build configuration list for PBXProject "partyAux" */;
			developmentRegion = en;
			hasScannedForEncodings = 0;
			knownRegions = (
				en,
				Base,
			);
			mainGroup = 392AD1322E21767C0036DD96;
			minimizedProjectReferenceProxies = 1;
			packageReferences = (
				9F65547D2E3CF21A00770F02 /* XCRemoteSwiftPackageReference "socket.io-client-swift" */,
			);
			preferredProjectObjectVersion = 77;
			productRefGroup = 392AD13C2E21767C0036DD96 /* Products */;
			projectDirPath = "";
			projectRoot = "";
			targets = (
				392AD13A2E21767C0036DD96 /* partyAux */,
				392AD1472E21767D0036DD96 /* partyAuxTests */,
				392AD1512E21767D0036DD96 /* partyAuxUITests */,
			);
		};
/* End PBXProject section */

/* Begin PBXResourcesBuildPhase section */
		392AD1392E21767C0036DD96 /* Resources */ = {
			isa = PBXResourcesBuildPhase;
			buildActionMask = 2147483647;
			files = (
			);
			runOnlyForDeploymentPostprocessing = 0;
		};
		392AD1462E21767D0036DD96 /* Resources */ = {
			isa = PBXResourcesBuildPhase;
			buildActionMask = 2147483647;
			files = (
			);
			runOnlyForDeploymentPostprocessing = 0;
		};
		392AD1502E21767D0036DD96 /* Resources */ = {
			isa = PBXResourcesBuildPhase;
			buildActionMask = 2147483647;
			files = (
			);
			runOnlyForDeploymentPostprocessing = 0;
		};
/* End PBXResourcesBuildPhase section */

/* Begin PBXSourcesBuildPhase section */
		392AD1372E21767C0036DD96 /* Sources */ = {
			isa = PBXSourcesBuildPhase;
			buildActionMask = 2147483647;
			files = (
			);
			runOnlyForDeploymentPostprocessing = 0;
		};
		392AD1442E21767D0036DD96 /* Sources */ = {
			isa = PBXSourcesBuildPhase;
			buildActionMask = 2147483647;
			files = (
			);
			runOnlyForDeploymentPostprocessing = 0;
		};
		392AD14E2E21767D0036DD96 /* Sources */ = {
			isa = PBXSourcesBuildPhase;
			buildActionMask = 2147483647;
			files = (
			);
			runOnlyForDeploymentPostprocessing = 0;
		};
/* End PBXSourcesBuildPhase section */

/* Begin PBXTargetDependency section */
		392AD14A2E21767D0036DD96 /* PBXTargetDependency */ = {
			isa = PBXTargetDependency;
			target = 392AD13A2E21767C0036DD96 /* partyAux */;
			targetProxy = 392AD1492E21767D0036DD96 /* PBXContainerItemProxy */;
		};
		392AD1542E21767D0036DD96 /* PBXTargetDependency */ = {
			isa = PBXTargetDependency;
			target = 392AD13A2E21767C0036DD96 /* partyAux */;
			targetProxy = 392AD1532E21767D0036DD96 /* PBXContainerItemProxy */;
		};
/* End PBXTargetDependency section */

/* Begin XCBuildConfiguration section */
		392AD15A2E21767D0036DD96 /* Debug */ = {
			isa = XCBuildConfiguration;
			buildSettings = {
				ALWAYS_SEARCH_USER_PATHS = NO;
				ASSETCATALOG_COMPILER_GENERATE_SWIFT_ASSET_SYMBOL_EXTENSIONS = YES;
				CLANG_ANALYZER_NONNULL = YES;
				CLANG_ANALYZER_NUMBER_OBJECT_CONVERSION = YES_AGGRESSIVE;
				CLANG_CXX_LANGUAGE_STANDARD = "gnu++20";
				CLANG_ENABLE_MODULES = YES;
				CLANG_ENABLE_OBJC_ARC = YES;
				CLANG_ENABLE_OBJC_WEAK = YES;
				CLANG_WARN_BLOCK_CAPTURE_AUTORELEASING = YES;
				CLANG_WARN_BOOL_CONVERSION = YES;
				CLANG_WARN_COMMA = YES;
				CLANG_WARN_CONSTANT_CONVERSION = YES;
				CLANG_WARN_DEPRECATED_OBJC_IMPLEMENTATIONS = YES;
				CLANG_WARN_DIRECT_OBJC_ISA_USAGE = YES_ERROR;
				CLANG_WARN_DOCUMENTATION_COMMENTS = YES;
				CLANG_WARN_EMPTY_BODY = YES;
				CLANG_WARN_ENUM_CONVERSION = YES;
				CLANG_WARN_INFINITE_RECURSION = YES;
				CLANG_WARN_INT_CONVERSION = YES;
				CLANG_WARN_NON_LITERAL_NULL_CONVERSION = YES;
				CLANG_WARN_OBJC_IMPLICIT_RETAIN_SELF = YES;
				CLANG_WARN_OBJC_LITERAL_CONVERSION = YES;
				CLANG_WARN_OBJC_ROOT_CLASS = YES_ERROR;
				CLANG_WARN_QUOTED_INCLUDE_IN_FRAMEWORK_HEADER = YES;
				CLANG_WARN_RANGE_LOOP_ANALYSIS = YES;
				CLANG_WARN_STRICT_PROTOTYPES = YES;
				CLANG_WARN_SUSPICIOUS_MOVE = YES;
				CLANG_WARN_UNGUARDED_AVAILABILITY = YES_AGGRESSIVE;
				CLANG_WARN_UNREACHABLE_CODE = YES;
				CLANG_WARN__DUPLICATE_METHOD_MATCH = YES;
				COPY_PHASE_STRIP = NO;
				DEBUG_INFORMATION_FORMAT = dwarf;
				DEVELOPMENT_TEAM = CQ47H9Y3A7;
				ENABLE_STRICT_OBJC_MSGSEND = YES;
				ENABLE_TESTABILITY = YES;
				ENABLE_USER_SCRIPT_SANDBOXING = YES;
				GCC_C_LANGUAGE_STANDARD = gnu17;
				GCC_DYNAMIC_NO_PIC = NO;
				GCC_NO_COMMON_BLOCKS = YES;
				GCC_OPTIMIZATION_LEVEL = 0;
				GCC_PREPROCESSOR_DEFINITIONS = (
					"DEBUG=1",
					"$(inherited)",
				);
				GCC_WARN_64_TO_32_BIT_CONVERSION = YES;
				GCC_WARN_ABOUT_RETURN_TYPE = YES_ERROR;
				GCC_WARN_UNDECLARED_SELECTOR = YES;
				GCC_WARN_UNINITIALIZED_AUTOS = YES_AGGRESSIVE;
				GCC_WARN_UNUSED_FUNCTION = YES;
				GCC_WARN_UNUSED_VARIABLE = YES;
				IPHONEOS_DEPLOYMENT_TARGET = 18.5;
				LOCALIZATION_PREFERS_STRING_CATALOGS = YES;
				MTL_ENABLE_DEBUG_INFO = INCLUDE_SOURCE;
				MTL_FAST_MATH = YES;
				ONLY_ACTIVE_ARCH = YES;
				SDKROOT = iphoneos;
				SWIFT_ACTIVE_COMPILATION_CONDITIONS = "DEBUG $(inherited)";
				SWIFT_OPTIMIZATION_LEVEL = "-Onone";
			};
			name = Debug;
		};
		392AD15B2E21767D0036DD96 /* Release */ = {
			isa = XCBuildConfiguration;
			buildSettings = {
				ALWAYS_SEARCH_USER_PATHS = NO;
				ASSETCATALOG_COMPILER_GENERATE_SWIFT_ASSET_SYMBOL_EXTENSIONS = YES;
				CLANG_ANALYZER_NONNULL = YES;
				CLANG_ANALYZER_NUMBER_OBJECT_CONVERSION = YES_AGGRESSIVE;
				CLANG_CXX_LANGUAGE_STANDARD = "gnu++20";
				CLANG_ENABLE_MODULES = YES;
				CLANG_ENABLE_OBJC_ARC = YES;
				CLANG_ENABLE_OBJC_WEAK = YES;
				CLANG_WARN_BLOCK_CAPTURE_AUTORELEASING = YES;
				CLANG_WARN_BOOL_CONVERSION = YES;
				CLANG_WARN_COMMA = YES;
				CLANG_WARN_CONSTANT_CONVERSION = YES;
				CLANG_WARN_DEPRECATED_OBJC_IMPLEMENTATIONS = YES;
				CLANG_WARN_DIRECT_OBJC_ISA_USAGE = YES_ERROR;
				CLANG_WARN_DOCUMENTATION_COMMENTS = YES;
				CLANG_WARN_EMPTY_BODY = YES;
				CLANG_WARN_ENUM_CONVERSION = YES;
				CLANG_WARN_INFINITE_RECURSION = YES;
				CLANG_WARN_INT_CONVERSION = YES;
				CLANG_WARN_NON_LITERAL_NULL_CONVERSION = YES;
				CLANG_WARN_OBJC_IMPLICIT_RETAIN_SELF = YES;
				CLANG_WARN_OBJC_LITERAL_CONVERSION = YES;
				CLANG_WARN_OBJC_ROOT_CLASS = YES_ERROR;
				CLANG_WARN_QUOTED_INCLUDE_IN_FRAMEWORK_HEADER = YES;
				CLANG_WARN_RANGE_LOOP_ANALYSIS = YES;
				CLANG_WARN_STRICT_PROTOTYPES = YES;
				CLANG_WARN_SUSPICIOUS_MOVE = YES;
				CLANG_WARN_UNGUARDED_AVAILABILITY = YES_AGGRESSIVE;
				CLANG_WARN_UNREACHABLE_CODE = YES;
				CLANG_WARN__DUPLICATE_METHOD_MATCH = YES;
				COPY_PHASE_STRIP = NO;
				DEBUG_INFORMATION_FORMAT = "dwarf-with-dsym";
				DEVELOPMENT_TEAM = CQ47H9Y3A7;
				ENABLE_NS_ASSERTIONS = NO;
				ENABLE_STRICT_OBJC_MSGSEND = YES;
				ENABLE_USER_SCRIPT_SANDBOXING = YES;
				GCC_C_LANGUAGE_STANDARD = gnu17;
				GCC_NO_COMMON_BLOCKS = YES;
				GCC_WARN_64_TO_32_BIT_CONVERSION = YES;
				GCC_WARN_ABOUT_RETURN_TYPE = YES_ERROR;
				GCC_WARN_UNDECLARED_SELECTOR = YES;
				GCC_WARN_UNINITIALIZED_AUTOS = YES_AGGRESSIVE;
				GCC_WARN_UNUSED_FUNCTION = YES;
				GCC_WARN_UNUSED_VARIABLE = YES;
				IPHONEOS_DEPLOYMENT_TARGET = 18.5;
				LOCALIZATION_PREFERS_STRING_CATALOGS = YES;
				MTL_ENABLE_DEBUG_INFO = NO;
				MTL_FAST_MATH = YES;
				SDKROOT = iphoneos;
				SWIFT_COMPILATION_MODE = wholemodule;
				VALIDATE_PRODUCT = YES;
			};
			name = Release;
		};
		392AD15D2E21767D0036DD96 /* Debug */ = {
			isa = XCBuildConfiguration;
			buildSettings = {
				ASSETCATALOG_COMPILER_APPICON_NAME = AppIcon;
				ASSETCATALOG_COMPILER_GLOBAL_ACCENT_COLOR_NAME = AccentColor;
				CODE_SIGN_STYLE = Automatic;
				CURRENT_PROJECT_VERSION = 1;
				DEVELOPMENT_TEAM = 363964K2LM;
				ENABLE_PREVIEWS = YES;
				GENERATE_INFOPLIST_FILE = YES;
				INFOPLIST_FILE = partyAux/Info.plist;
				INFOPLIST_KEY_UIApplicationSceneManifest_Generation = YES;
				INFOPLIST_KEY_UIApplicationSupportsIndirectInputEvents = YES;
				INFOPLIST_KEY_UILaunchScreen_Generation = YES;
				INFOPLIST_KEY_UISupportedInterfaceOrientations_iPad = "UIInterfaceOrientationPortrait UIInterfaceOrientationPortraitUpsideDown UIInterfaceOrientationLandscapeLeft UIInterfaceOrientationLandscapeRight";
				INFOPLIST_KEY_UISupportedInterfaceOrientations_iPhone = "UIInterfaceOrientationPortrait UIInterfaceOrientationLandscapeLeft UIInterfaceOrientationLandscapeRight";
				LD_RUNPATH_SEARCH_PATHS = (
					"$(inherited)",
					"@executable_path/Frameworks",
				);
				MARKETING_VERSION = 1.0;
				PRODUCT_BUNDLE_IDENTIFIER = personal.partyAux2342;
				PRODUCT_NAME = "$(TARGET_NAME)";
				SWIFT_EMIT_LOC_STRINGS = YES;
				SWIFT_OBJC_BRIDGING_HEADER = "/Users/ajayavasi/Desktop/partyAux-UI/partyAux/Classes/partyAux-Bridging-Header.h";
				SWIFT_VERSION = 5.0;
				TARGETED_DEVICE_FAMILY = "1,2";
			};
			name = Debug;
		};
		392AD15E2E21767D0036DD96 /* Release */ = {
			isa = XCBuildConfiguration;
			buildSettings = {
				ASSETCATALOG_COMPILER_APPICON_NAME = AppIcon;
				ASSETCATALOG_COMPILER_GLOBAL_ACCENT_COLOR_NAME = AccentColor;
				CODE_SIGN_STYLE = Automatic;
				CURRENT_PROJECT_VERSION = 1;
				DEVELOPMENT_TEAM = 363964K2LM;
				ENABLE_PREVIEWS = YES;
				GENERATE_INFOPLIST_FILE = YES;
				INFOPLIST_FILE = partyAux/Info.plist;
				INFOPLIST_KEY_UIApplicationSceneManifest_Generation = YES;
				INFOPLIST_KEY_UIApplicationSupportsIndirectInputEvents = YES;
				INFOPLIST_KEY_UILaunchScreen_Generation = YES;
				INFOPLIST_KEY_UISupportedInterfaceOrientations_iPad = "UIInterfaceOrientationPortrait UIInterfaceOrientationPortraitUpsideDown UIInterfaceOrientationLandscapeLeft UIInterfaceOrientationLandscapeRight";
				INFOPLIST_KEY_UISupportedInterfaceOrientations_iPhone = "UIInterfaceOrientationPortrait UIInterfaceOrientationLandscapeLeft UIInterfaceOrientationLandscapeRight";
				LD_RUNPATH_SEARCH_PATHS = (
					"$(inherited)",
					"@executable_path/Frameworks",
				);
				MARKETING_VERSION = 1.0;
				PRODUCT_BUNDLE_IDENTIFIER = personal.partyAux2342;
				PRODUCT_NAME = "$(TARGET_NAME)";
				SWIFT_EMIT_LOC_STRINGS = YES;
				SWIFT_OBJC_BRIDGING_HEADER = "/Users/ajayavasi/Desktop/partyAux-UI/partyAux/Classes/partyAux-Bridging-Header.h";
				SWIFT_VERSION = 5.0;
				TARGETED_DEVICE_FAMILY = "1,2";
			};
			name = Release;
		};
		392AD1602E21767D0036DD96 /* Debug */ = {
			isa = XCBuildConfiguration;
			buildSettings = {
				BUNDLE_LOADER = "$(TEST_HOST)";
				CODE_SIGN_STYLE = Automatic;
				CURRENT_PROJECT_VERSION = 1;
				DEVELOPMENT_TEAM = CQ47H9Y3A7;
				GENERATE_INFOPLIST_FILE = YES;
				IPHONEOS_DEPLOYMENT_TARGET = 18.5;
				MARKETING_VERSION = 1.0;
				PRODUCT_BUNDLE_IDENTIFIER = personal.partyAuxTests;
				PRODUCT_NAME = "$(TARGET_NAME)";
				SWIFT_EMIT_LOC_STRINGS = NO;
				SWIFT_VERSION = 5.0;
				TARGETED_DEVICE_FAMILY = "1,2";
				TEST_HOST = "$(BUILT_PRODUCTS_DIR)/partyAux.app/$(BUNDLE_EXECUTABLE_FOLDER_PATH)/partyAux";
			};
			name = Debug;
		};
		392AD1612E21767D0036DD96 /* Release */ = {
			isa = XCBuildConfiguration;
			buildSettings = {
				BUNDLE_LOADER = "$(TEST_HOST)";
				CODE_SIGN_STYLE = Automatic;
				CURRENT_PROJECT_VERSION = 1;
				DEVELOPMENT_TEAM = CQ47H9Y3A7;
				GENERATE_INFOPLIST_FILE = YES;
				IPHONEOS_DEPLOYMENT_TARGET = 18.5;
				MARKETING_VERSION = 1.0;
				PRODUCT_BUNDLE_IDENTIFIER = personal.partyAuxTests;
				PRODUCT_NAME = "$(TARGET_NAME)";
				SWIFT_EMIT_LOC_STRINGS = NO;
				SWIFT_VERSION = 5.0;
				TARGETED_DEVICE_FAMILY = "1,2";
				TEST_HOST = "$(BUILT_PRODUCTS_DIR)/partyAux.app/$(BUNDLE_EXECUTABLE_FOLDER_PATH)/partyAux";
			};
			name = Release;
		};
		392AD1632E21767D0036DD96 /* Debug */ = {
			isa = XCBuildConfiguration;
			buildSettings = {
				CODE_SIGN_STYLE = Automatic;
				CURRENT_PROJECT_VERSION = 1;
				DEVELOPMENT_TEAM = CQ47H9Y3A7;
				GENERATE_INFOPLIST_FILE = YES;
				MARKETING_VERSION = 1.0;
				PRODUCT_BUNDLE_IDENTIFIER = personal.partyAuxUITests;
				PRODUCT_NAME = "$(TARGET_NAME)";
				SWIFT_EMIT_LOC_STRINGS = NO;
				SWIFT_VERSION = 5.0;
				TARGETED_DEVICE_FAMILY = "1,2";
				TEST_TARGET_NAME = partyAux;
			};
			name = Debug;
		};
		392AD1642E21767D0036DD96 /* Release */ = {
			isa = XCBuildConfiguration;
			buildSettings = {
				CODE_SIGN_STYLE = Automatic;
				CURRENT_PROJECT_VERSION = 1;
				DEVELOPMENT_TEAM = CQ47H9Y3A7;
				GENERATE_INFOPLIST_FILE = YES;
				MARKETING_VERSION = 1.0;
				PRODUCT_BUNDLE_IDENTIFIER = personal.partyAuxUITests;
				PRODUCT_NAME = "$(TARGET_NAME)";
				SWIFT_EMIT_LOC_STRINGS = NO;
				SWIFT_VERSION = 5.0;
				TARGETED_DEVICE_FAMILY = "1,2";
				TEST_TARGET_NAME = partyAux;
			};
			name = Release;
		};
/* End XCBuildConfiguration section */

/* Begin XCConfigurationList section */
		392AD1362E21767C0036DD96 /* Build configuration list for PBXProject "partyAux" */ = {
			isa = XCConfigurationList;
			buildConfigurations = (
				392AD15A2E21767D0036DD96 /* Debug */,
				392AD15B2E21767D0036DD96 /* Release */,
			);
			defaultConfigurationIsVisible = 0;
			defaultConfigurationName = Release;
		};
		392AD15C2E21767D0036DD96 /* Build configuration list for PBXNativeTarget "partyAux" */ = {
			isa = XCConfigurationList;
			buildConfigurations = (
				392AD15D2E21767D0036DD96 /* Debug */,
				392AD15E2E21767D0036DD96 /* Release */,
			);
			defaultConfigurationIsVisible = 0;
			defaultConfigurationName = Release;
		};
		392AD15F2E21767D0036DD96 /* Build configuration list for PBXNativeTarget "partyAuxTests" */ = {
			isa = XCConfigurationList;
			buildConfigurations = (
				392AD1602E21767D0036DD96 /* Debug */,
				392AD1612E21767D0036DD96 /* Release */,
			);
			defaultConfigurationIsVisible = 0;
			defaultConfigurationName = Release;
		};
		392AD1622E21767D0036DD96 /* Build configuration list for PBXNativeTarget "partyAuxUITests" */ = {
			isa = XCConfigurationList;
			buildConfigurations = (
				392AD1632E21767D0036DD96 /* Debug */,
				392AD1642E21767D0036DD96 /* Release */,
			);
			defaultConfigurationIsVisible = 0;
			defaultConfigurationName = Release;
		};
/* End XCConfigurationList section */

/* Begin XCRemoteSwiftPackageReference section */
		9F65547D2E3CF21A00770F02 /* XCRemoteSwiftPackageReference "socket.io-client-swift" */ = {
			isa = XCRemoteSwiftPackageReference;
			repositoryURL = "https://github.com/socketio/socket.io-client-swift.git";
			requirement = {
				branch = master;
				kind = branch;
			};
		};
/* End XCRemoteSwiftPackageReference section */

/* Begin XCSwiftPackageProductDependency section */
		9F65547E2E3CF21A00770F02 /* SocketIO */ = {
			isa = XCSwiftPackageProductDependency;
			package = 9F65547D2E3CF21A00770F02 /* XCRemoteSwiftPackageReference "socket.io-client-swift" */;
			productName = SocketIO;
		};
/* End XCSwiftPackageProductDependency section */
	};
	rootObject = 392AD1332E21767C0036DD96 /* Project object */;
}
